
Microsoft Visual Studio Solution File, Format Version 12.00
# Visual Studio Version 17
VisualStudioVersion = 17.10.35027.167
MinimumVisualStudioVersion = 10.0.40219.1
Project("{FAE04EC0-301F-11D3-BF4B-00C04F79EFBC}") = "DataAccess", "DataAccess\DataAccess.csproj", "{81C389FE-C23D-442B-9CE9-CAECD16FC647}"
EndProject
Project("{FAE04EC0-301F-11D3-BF4B-00C04F79EFBC}") = "Business", "Business\Business.csproj", "{4169921C-ECD5-4B90-93F1-C78420120ABE}"
EndProject
Project("{FAE04EC0-301F-11D3-BF4B-00C04F79EFBC}") = "Entities", "Entity\Entities.csproj", "{C3CEB114-303D-4D68-AF51-BAA30F2082E3}"
EndProject
Project("{FAE04EC0-301F-11D3-BF4B-00C04F79EFBC}") = "ConsoleUI", "ConsoleUI\ConsoleUI.csproj", "{AB14F48F-FE25-44E7-83A2-786C7CB22522}"
EndProject
Global
	GlobalSection(SolutionConfigurationPlatforms) = preSolution
		Debug|Any CPU = Debug|Any CPU
		Release|Any CPU = Release|Any CPU
	EndGlobalSection
	GlobalSection(ProjectConfigurationPlatforms) = postSolution
		{81C389FE-C23D-442B-9CE9-CAECD16FC647}.Debug|Any CPU.ActiveCfg = Debug|Any CPU
		{81C389FE-C23D-442B-9CE9-CAECD16FC647}.Debug|Any CPU.Build.0 = Debug|Any CPU
		{81C389FE-C23D-442B-9CE9-CAECD16FC647}.Release|Any CPU.ActiveCfg = Release|Any CPU
		{81C389FE-C23D-442B-9CE9-CAECD16FC647}.Release|Any CPU.Build.0 = Release|Any CPU
		{4169921C-ECD5-4B90-93F1-C78420120ABE}.Debug|Any CPU.ActiveCfg = Debug|Any CPU
		{4169921C-ECD5-4B90-93F1-C78420120ABE}.Debug|Any CPU.Build.0 = Debug|Any CPU
		{4169921C-ECD5-4B90-93F1-C78420120ABE}.Release|Any CPU.ActiveCfg = Release|Any CPU
		{4169921C-ECD5-4B90-93F1-C78420120ABE}.Release|Any CPU.Build.0 = Release|Any CPU
		{C3CEB114-303D-4D68-AF51-BAA30F2082E3}.Debug|Any CPU.ActiveCfg = Debug|Any CPU
		{C3CEB114-303D-4D68-AF51-BAA30F2082E3}.Debug|Any CPU.Build.0 = Debug|Any CPU
		{C3CEB114-303D-4D68-AF51-BAA30F2082E3}.Release|Any CPU.ActiveCfg = Release|Any CPU
		{C3CEB114-303D-4D68-AF51-BAA30F2082E3}.Release|Any CPU.Build.0 = Release|Any CPU
		{AB14F48F-FE25-44E7-83A2-786C7CB22522}.Debug|Any CPU.ActiveCfg = Debug|Any CPU
		{AB14F48F-FE25-44E7-83A2-786C7CB22522}.Debug|Any CPU.Build.0 = Debug|Any CPU
		{AB14F48F-FE25-44E7-83A2-786C7CB22522}.Release|Any CPU.ActiveCfg = Release|Any CPU
		{AB14F48F-FE25-44E7-83A2-786C7CB22522}.Release|Any CPU.Build.0 = Release|Any CPU
	EndGlobalSection
	GlobalSection(SolutionProperties) = preSolution
		HideSolutionNode = FALSE
	EndGlobalSection
	GlobalSection(ExtensibilityGlobals) = postSolution
		SolutionGuid = {AAC15500-A27D-40F0-A977-938D059366FF}
	EndGlobalSection
EndGlobal
